# THIS IS AN AUTOGENERATED FILE. DO NOT EDIT THIS FILE DIRECTLY.
# yarn lockfile v1


"@types/node@^8.0.8":
  version "8.0.8"
  resolved "https://registry.yarnpkg.com/@types/node/-/node-8.0.8.tgz#0dc4ca2c6f6fc69baee16c5e928c4a627f517ada"

axios@^0.16.2:
  version "0.16.2"
  resolved "https://registry.yarnpkg.com/axios/-/axios-0.16.2.tgz#ba4f92f17167dfbab40983785454b9ac149c3c6d"
  dependencies:
    follow-redirects "^1.2.3"
    is-buffer "^1.1.5"

csv-generate@^1.0.0:
  version "1.0.0"
  resolved "https://registry.yarnpkg.com/csv-generate/-/csv-generate-1.0.0.tgz#bd52886859d0c925f3e51f60f3abed262fa15caf"

csv-parse@^1.2.0:
  version "1.2.0"
  resolved "https://registry.yarnpkg.com/csv-parse/-/csv-parse-1.2.0.tgz#047b73868ab9a85746e885f637f9ed0fb645a425"

csv-stringify@^1.0.0:
  version "1.0.4"
  resolved "https://registry.yarnpkg.com/csv-stringify/-/csv-stringify-1.0.4.tgz#bc18bab9ad4cef3195fd257980b58b479c42d3e5"
  dependencies:
    lodash.get "^4.0.0"

csv@^1.1.1:
  version "1.1.1"
  resolved "https://registry.yarnpkg.com/csv/-/csv-1.1.1.tgz#d9952d59b1f964a7afbcdd804d6818a73199a477"
  dependencies:
    csv-generate "^1.0.0"
    csv-parse "^1.2.0"
    csv-stringify "^1.0.0"
    stream-transform "^0.1.0"

debug@^2.4.5:
  version "2.6.8"
  resolved "https://registry.yarnpkg.com/debug/-/debug-2.6.8.tgz#e731531ca2ede27d188222427da17821d68ff4fc"
  dependencies:
    ms "2.0.0"

dotenv@^4.0.0:
  version "4.0.0"
  resolved "https://registry.yarnpkg.com/dotenv/-/dotenv-4.0.0.tgz#864ef1379aced55ce6f95debecdce179f7a0cd1d"

follow-redirects@^1.2.3:
  version "1.2.4"
  resolved "https://registry.yarnpkg.com/follow-redirects/-/follow-redirects-1.2.4.tgz#355e8f4d16876b43f577b0d5ce2668b9723214ea"
  dependencies:
    debug "^2.4.5"

is-buffer@^1.1.5:
  version "1.1.5"
  resolved "https://registry.yarnpkg.com/is-buffer/-/is-buffer-1.1.5.tgz#1f3b26ef613b214b88cbca23cc6c01d87961eecc"

lodash.get@^4.0.0:
  version "4.4.2"
  resolved "https://registry.yarnpkg.com/lodash.get/-/lodash.get-4.4.2.tgz#2d177f652fa31e939b4438d5341499dfa3825e99"

ms@2.0.0:
  version "2.0.0"
  resolved "https://registry.yarnpkg.com/ms/-/ms-2.0.0.tgz#5608aeadfc00be6c2901df5f9861788de0d597c8"

stream-transform@^0.1.0:
  version "0.1.2"
  resolved "https://registry.yarnpkg.com/stream-transform/-/stream-transform-0.1.2.tgz#7d8e6b4e03ac4781778f8c79517501bfb0762a9f"

typescript@^2.4.1:
  version "2.4.1"
  resolved "https://registry.yarnpkg.com/typescript/-/typescript-2.4.1.tgz#c3ccb16ddaa0b2314de031e7e6fee89e5ba346bc"
